
Microsoft Visual Studio Solution File, Format Version 12.00
# Visual Studio Version 17
VisualStudioVersion = 17.0.31903.59
MinimumVisualStudioVersion = 10.0.40219.1
Project("{2150E333-8FDC-42A3-9474-1A3956D46DE8}") = "src", "src", "{370EA6F5-C473-402A-ACEF-BDD51AC504E4}"
EndProject
Project("{FAE04EC0-301F-11D3-BF4B-00C04F79EFBC}") = "DynamicExpression", "src\DynamicExpression\DynamicExpression.csproj", "{7C04D7B8-7795-41DC-B4D4-F92B64C79AB6}"
EndProject
Project("{2150E333-8FDC-42A3-9474-1A3956D46DE8}") = "test", "test", "{A3598C13-7BF3-46DB-A848-E9BA680A1E31}"
EndProject
Project("{FAE04EC0-301F-11D3-BF4B-00C04F79EFBC}") = "DynamicExpression.Test", "test\DynamicExpression.Test\DynamicExpression.Test.csproj", "{B38FF9EF-F7AD-4037-B1E5-68A1AA6FB337}"
EndProject
Project("{FAE04EC0-301F-11D3-BF4B-00C04F79EFBC}") = "DynamicExpression.Demo", "src\DynamicExpression.Demo\DynamicExpression.Demo.csproj", "{07F78369-4E54-42C1-B1FD-E1E48383D5A0}"
EndProject
Global
	GlobalSection(SolutionConfigurationPlatforms) = preSolution
		Debug|Any CPU = Debug|Any CPU
		Release|Any CPU = Release|Any CPU
	EndGlobalSection
	GlobalSection(ProjectConfigurationPlatforms) = postSolution
		{7C04D7B8-7795-41DC-B4D4-F92B64C79AB6}.Debug|Any CPU.ActiveCfg = Debug|Any CPU
		{7C04D7B8-7795-41DC-B4D4-F92B64C79AB6}.Debug|Any CPU.Build.0 = Debug|Any CPU
		{7C04D7B8-7795-41DC-B4D4-F92B64C79AB6}.Release|Any CPU.ActiveCfg = Release|Any CPU
		{7C04D7B8-7795-41DC-B4D4-F92B64C79AB6}.Release|Any CPU.Build.0 = Release|Any CPU
		{B38FF9EF-F7AD-4037-B1E5-68A1AA6FB337}.Debug|Any CPU.ActiveCfg = Debug|Any CPU
		{B38FF9EF-F7AD-4037-B1E5-68A1AA6FB337}.Debug|Any CPU.Build.0 = Debug|Any CPU
		{B38FF9EF-F7AD-4037-B1E5-68A1AA6FB337}.Release|Any CPU.ActiveCfg = Release|Any CPU
		{B38FF9EF-F7AD-4037-B1E5-68A1AA6FB337}.Release|Any CPU.Build.0 = Release|Any CPU
		{07F78369-4E54-42C1-B1FD-E1E48383D5A0}.Debug|Any CPU.ActiveCfg = Debug|Any CPU
		{07F78369-4E54-42C1-B1FD-E1E48383D5A0}.Debug|Any CPU.Build.0 = Debug|Any CPU
		{07F78369-4E54-42C1-B1FD-E1E48383D5A0}.Release|Any CPU.ActiveCfg = Release|Any CPU
		{07F78369-4E54-42C1-B1FD-E1E48383D5A0}.Release|Any CPU.Build.0 = Release|Any CPU
	EndGlobalSection
	GlobalSection(SolutionProperties) = preSolution
		HideSolutionNode = FALSE
	EndGlobalSection
	GlobalSection(NestedProjects) = preSolution
		{7C04D7B8-7795-41DC-B4D4-F92B64C79AB6} = {370EA6F5-C473-402A-ACEF-BDD51AC504E4}
		{B38FF9EF-F7AD-4037-B1E5-68A1AA6FB337} = {A3598C13-7BF3-46DB-A848-E9BA680A1E31}
		{07F78369-4E54-42C1-B1FD-E1E48383D5A0} = {370EA6F5-C473-402A-ACEF-BDD51AC504E4}
	EndGlobalSection
	GlobalSection(ExtensibilityGlobals) = postSolution
		SolutionGuid = {329439AD-E917-4F4C-B47F-D3ABD5592F48}
	EndGlobalSection
EndGlobal
